
Microsoft Visual Studio Solution File, Format Version 11.00
# Visual Studio 2010
Project("{FAE04EC0-301F-11D3-BF4B-00C04F79EFBC}") = "Assembly-CSharp", "Assembly-CSharp.csproj", "{C5F11012-A405-7394-BC16-1E00B8A33565}"
EndProject
Project("{FAE04EC0-301F-11D3-BF4B-00C04F79EFBC}") = "Assembly-CSharp-Editor", "Assembly-CSharp-Editor.csproj", "{59558893-237D-E229-B1A1-54829F884C8A}"
EndProject
Global
	GlobalSection(SolutionConfigurationPlatforms) = preSolution
		Debug|Any CPU = Debug|Any CPU
		Release|Any CPU = Release|Any CPU
	EndGlobalSection
	GlobalSection(ProjectConfigurationPlatforms) = postSolution
		{C5F11012-A405-7394-BC16-1E00B8A33565}.Debug|Any CPU.ActiveCfg = Debug|Any CPU
		{C5F11012-A405-7394-BC16-1E00B8A33565}.Debug|Any CPU.Build.0 = Debug|Any CPU
		{C5F11012-A405-7394-BC16-1E00B8A33565}.Release|Any CPU.ActiveCfg = Release|Any CPU
		{C5F11012-A405-7394-BC16-1E00B8A33565}.Release|Any CPU.Build.0 = Release|Any CPU
		{59558893-237D-E229-B1A1-54829F884C8A}.Debug|Any CPU.ActiveCfg = Debug|Any CPU
		{59558893-237D-E229-B1A1-54829F884C8A}.Debug|Any CPU.Build.0 = Debug|Any CPU
		{59558893-237D-E229-B1A1-54829F884C8A}.Release|Any CPU.ActiveCfg = Release|Any CPU
		{59558893-237D-E229-B1A1-54829F884C8A}.Release|Any CPU.Build.0 = Release|Any CPU
	EndGlobalSection
	GlobalSection(SolutionProperties) = preSolution
		HideSolutionNode = FALSE
	EndGlobalSection
EndGlobal
